
Microsoft Visual Studio Solution File, Format Version 12.00
# Visual Studio 15
VisualStudioVersion = 15.0.27130.2027
MinimumVisualStudioVersion = 10.0.40219.1
Project("{FAE04EC0-301F-11D3-BF4B-00C04F79EFBC}") = "SummitsAutoUpdater", "SummitsAutoUpdater\SummitsAutoUpdater.csproj", "{561805EE-A8E1-43D1-8F21-111A81D8C3BA}"
EndProject
Global
	GlobalSection(SolutionConfigurationPlatforms) = preSolution
		Debug|Any CPU = Debug|Any CPU
		Release|Any CPU = Release|Any CPU
	EndGlobalSection
	GlobalSection(ProjectConfigurationPlatforms) = postSolution
		{561805EE-A8E1-43D1-8F21-111A81D8C3BA}.Debug|Any CPU.ActiveCfg = Debug|Any CPU
		{561805EE-A8E1-43D1-8F21-111A81D8C3BA}.Debug|Any CPU.Build.0 = Debug|Any CPU
		{561805EE-A8E1-43D1-8F21-111A81D8C3BA}.Release|Any CPU.ActiveCfg = Release|Any CPU
		{561805EE-A8E1-43D1-8F21-111A81D8C3BA}.Release|Any CPU.Build.0 = Release|Any CPU
	EndGlobalSection
	GlobalSection(SolutionProperties) = preSolution
		HideSolutionNode = FALSE
	EndGlobalSection
	GlobalSection(ExtensibilityGlobals) = postSolution
		SolutionGuid = {B04E58FA-78DC-4C6C-BA99-5292CAF8A317}
	EndGlobalSection
EndGlobal
